// !$*UTF8*$!
{
	archiveVersion = 1;
	classes = {
	};
	objectVersion = 50;
	objects = {

/* Begin PBXBuildFile section */
		149C3671255405C300E3BA10 /* AppDelegate.swift in Sources */ = {isa = PBXBuildFile; fileRef = 149C3670255405C300E3BA10 /* AppDelegate.swift */; };
		149C3673255405C300E3BA10 /* SceneDelegate.swift in Sources */ = {isa = PBXBuildFile; fileRef = 149C3672255405C300E3BA10 /* SceneDelegate.swift */; };
		149C3675255405C300E3BA10 /* ViewController.swift in Sources */ = {isa = PBXBuildFile; fileRef = 149C3674255405C300E3BA10 /* ViewController.swift */; };
		149C3678255405C300E3BA10 /* Main.storyboard in Resources */ = {isa = PBXBuildFile; fileRef = 149C3676255405C300E3BA10 /* Main.storyboard */; };
		149C367A255405C400E3BA10 /* Assets.xcassets in Resources */ = {isa = PBXBuildFile; fileRef = 149C3679255405C400E3BA10 /* Assets.xcassets */; };
		149C367D255405C400E3BA10 /* LaunchScreen.storyboard in Resources */ = {isa = PBXBuildFile; fileRef = 149C367B255405C400E3BA10 /* LaunchScreen.storyboard */; };
		149C368A25540A9700E3BA10 /* HealthKit.framework in Frameworks */ = {isa = PBXBuildFile; fileRef = 149C368925540A9700E3BA10 /* HealthKit.framework */; };
/* End PBXBuildFile section */

/* Begin PBXFileReference section */
		149C366D255405C300E3BA10 /* SmartQuote.app */ = {isa = PBXFileReference; explicitFileType = wrapper.application; includeInIndex = 0; path = SmartQuote.app; sourceTree = BUILT_PRODUCTS_DIR; };
		149C3670255405C300E3BA10 /* AppDelegate.swift */ = {isa = PBXFileReference; lastKnownFileType = sourcecode.swift; path = AppDelegate.swift; sourceTree = "<group>"; };
		149C3672255405C300E3BA10 /* SceneDelegate.swift */ = {isa = PBXFileReference; lastKnownFileType = sourcecode.swift; path = SceneDelegate.swift; sourceTree = "<group>"; };
		149C3674255405C300E3BA10 /* ViewController.swift */ = {isa = PBXFileReference; lastKnownFileType = sourcecode.swift; path = ViewController.swift; sourceTree = "<group>"; };
		149C3677255405C300E3BA10 /* Base */ = {isa = PBXFileReference; lastKnownFileType = file.storyboard; name = Base; path = Base.lproj/Main.storyboard; sourceTree = "<group>"; };
		149C3679255405C400E3BA10 /* Assets.xcassets */ = {isa = PBXFileReference; lastKnownFileType = folder.assetcatalog; path = Assets.xcassets; sourceTree = "<group>"; };
		149C367C255405C400E3BA10 /* Base */ = {isa = PBXFileReference; lastKnownFileType = file.storyboard; name = Base; path = Base.lproj/LaunchScreen.storyboard; sourceTree = "<group>"; };
		149C367E255405C400E3BA10 /* Info.plist */ = {isa = PBXFileReference; lastKnownFileType = text.plist.xml; path = Info.plist; sourceTree = "<group>"; };
		149C368725540A9700E3BA10 /* SmartQuote.entitlements */ = {isa = PBXFileReference; lastKnownFileType = text.plist.entitlements; path = SmartQuote.entitlements; sourceTree = "<group>"; };
		149C368925540A9700E3BA10 /* HealthKit.framework */ = {isa = PBXFileReference; lastKnownFileType = wrapper.framework; name = HealthKit.framework; path = System/Library/Frameworks/HealthKit.framework; sourceTree = SDKROOT; };
/* End PBXFileReference section */

/* Begin PBXFrameworksBuildPhase section */
		149C366A255405C300E3BA10 /* Frameworks */ = {
			isa = PBXFrameworksBuildPhase;
			buildActionMask = 2147483647;
			files = (
				149C368A25540A9700E3BA10 /* HealthKit.framework in Frameworks */,
			);
			runOnlyForDeploymentPostprocessing = 0;
		};
/* End PBXFrameworksBuildPhase section */

/* Begin PBXGroup section */
		149C3664255405C300E3BA10 = {
			isa = PBXGroup;
			children = (
				149C366F255405C300E3BA10 /* SmartQuote */,
				149C366E255405C300E3BA10 /* Products */,
				149C368825540A9700E3BA10 /* Frameworks */,
			);
			sourceTree = "<group>";
		};
		149C366E255405C300E3BA10 /* Products */ = {
			isa = PBXGroup;
			children = (
				149C366D255405C300E3BA10 /* SmartQuote.app */,
			);
			name = Products;
			sourceTree = "<group>";
		};
		149C366F255405C300E3BA10 /* SmartQuote */ = {
			isa = PBXGroup;
			children = (
				149C368725540A9700E3BA10 /* SmartQuote.entitlements */,
				149C3670255405C300E3BA10 /* AppDelegate.swift */,
				149C3672255405C300E3BA10 /* SceneDelegate.swift */,
				149C3674255405C300E3BA10 /* ViewController.swift */,
				149C3676255405C300E3BA10 /* Main.storyboard */,
				149C3679255405C400E3BA10 /* Assets.xcassets */,
				149C367B255405C400E3BA10 /* LaunchScreen.storyboard */,
				149C367E255405C400E3BA10 /* Info.plist */,
			);
			path = SmartQuote;
			sourceTree = "<group>";
		};
		149C368825540A9700E3BA10 /* Frameworks */ = {
			isa = PBXGroup;
			children = (
				149C368925540A9700E3BA10 /* HealthKit.framework */,
			);
			name = Frameworks;
			sourceTree = "<group>";
		};
/* End PBXGroup section */

/* Begin PBXNativeTarget section */
		149C366C255405C300E3BA10 /* SmartQuote */ = {
			isa = PBXNativeTarget;
			buildConfigurationList = 149C3681255405C400E3BA10 /* Build configuration list for PBXNativeTarget "SmartQuote" */;
			buildPhases = (
				149C3669255405C300E3BA10 /* Sources */,
				149C366A255405C300E3BA10 /* Frameworks */,
				149C366B255405C300E3BA10 /* Resources */,
			);
			buildRules = (
			);
			dependencies = (
			);
			name = SmartQuote;
			productName = SmartQuote;
			productReference = 149C366D255405C300E3BA10 /* SmartQuote.app */;
			productType = "com.apple.product-type.application";
		};
/* End PBXNativeTarget section */

/* Begin PBXProject section */
		149C3665255405C300E3BA10 /* Project object */ = {
			isa = PBXProject;
			attributes = {
				LastSwiftUpdateCheck = 1220;
				LastUpgradeCheck = 1220;
				TargetAttributes = {
					149C366C255405C300E3BA10 = {
						CreatedOnToolsVersion = 12.2;
					};
				};
			};
			buildConfigurationList = 149C3668255405C300E3BA10 /* Build configuration list for PBXProject "SmartQuote" */;
			compatibilityVersion = "Xcode 9.3";
			developmentRegion = en;
			hasScannedForEncodings = 0;
			knownRegions = (
				en,
				Base,
			);
			mainGroup = 149C3664255405C300E3BA10;
			productRefGroup = 149C366E255405C300E3BA10 /* Products */;
			projectDirPath = "";
			projectRoot = "";
			targets = (
				149C366C255405C300E3BA10 /* SmartQuote */,
			);
		};
/* End PBXProject section */

/* Begin PBXResourcesBuildPhase section */
		149C366B255405C300E3BA10 /* Resources */ = {
			isa = PBXResourcesBuildPhase;
			buildActionMask = 2147483647;
			files = (
				149C367D255405C400E3BA10 /* LaunchScreen.storyboard in Resources */,
				149C367A255405C400E3BA10 /* Assets.xcassets in Resources */,
				149C3678255405C300E3BA10 /* Main.storyboard in Resources */,
			);
			runOnlyForDeploymentPostprocessing = 0;
		};
/* End PBXResourcesBuildPhase section */

/* Begin PBXSourcesBuildPhase section */
		149C3669255405C300E3BA10 /* Sources */ = {
			isa = PBXSourcesBuildPhase;
			buildActionMask = 2147483647;
			files = (
				149C3675255405C300E3BA10 /* ViewController.swift in Sources */,
				149C3671255405C300E3BA10 /* AppDelegate.swift in Sources */,
				149C3673255405C300E3BA10 /* SceneDelegate.swift in Sources */,
			);
			runOnlyForDeploymentPostprocessing = 0;
		};
/* End PBXSourcesBuildPhase section */

/* Begin PBXVariantGroup section */
		149C3676255405C300E3BA10 /* Main.storyboard */ = {
			isa = PBXVariantGroup;
			children = (
				149C3677255405C300E3BA10 /* Base */,
			);
			name = Main.storyboard;
			sourceTree = "<group>";
		};
		149C367B255405C400E3BA10 /* LaunchScreen.storyboard */ = {
			isa = PBXVariantGroup;
			children = (
				149C367C255405C400E3BA10 /* Base */,
			);
			name = LaunchScreen.storyboard;
			sourceTree = "<group>";
		};
/* End PBXVariantGroup section */

/* Begin XCBuildConfiguration section */
		149C367F255405C400E3BA10 /* Debug */ = {
			isa = XCBuildConfiguration;
			buildSettings = {
				ALWAYS_SEARCH_USER_PATHS = NO;
				CLANG_ANALYZER_NONNULL = YES;
				CLANG_ANALYZER_NUMBER_OBJECT_CONVERSION = YES_AGGRESSIVE;
				CLANG_CXX_LANGUAGE_STANDARD = "gnu++14";
				CLANG_CXX_LIBRARY = "libc++";
				CLANG_ENABLE_MODULES = YES;
				CLANG_ENABLE_OBJC_ARC = YES;
				CLANG_ENABLE_OBJC_WEAK = YES;
				CLANG_WARN_BLOCK_CAPTURE_AUTORELEASING = YES;
				CLANG_WARN_BOOL_CONVERSION = YES;
				CLANG_WARN_COMMA = YES;
				CLANG_WARN_CONSTANT_CONVERSION = YES;
				CLANG_WARN_DEPRECATED_OBJC_IMPLEMENTATIONS = YES;
				CLANG_WARN_DIRECT_OBJC_ISA_USAGE = YES_ERROR;
				CLANG_WARN_DOCUMENTATION_COMMENTS = YES;
				CLANG_WARN_EMPTY_BODY = YES;
				CLANG_WARN_ENUM_CONVERSION = YES;
				CLANG_WARN_INFINITE_RECURSION = YES;
				CLANG_WARN_INT_CONVERSION = YES;
				CLANG_WARN_NON_LITERAL_NULL_CONVERSION = YES;
				CLANG_WARN_OBJC_IMPLICIT_RETAIN_SELF = YES;
				CLANG_WARN_OBJC_LITERAL_CONVERSION = YES;
				CLANG_WARN_OBJC_ROOT_CLASS = YES_ERROR;
				CLANG_WARN_QUOTED_INCLUDE_IN_FRAMEWORK_HEADER = YES;
				CLANG_WARN_RANGE_LOOP_ANALYSIS = YES;
				CLANG_WARN_STRICT_PROTOTYPES = YES;
				CLANG_WARN_SUSPICIOUS_MOVE = YES;
				CLANG_WARN_UNGUARDED_AVAILABILITY = YES_AGGRESSIVE;
				CLANG_WARN_UNREACHABLE_CODE = YES;
				CLANG_WARN__DUPLICATE_METHOD_MATCH = YES;
				COPY_PHASE_STRIP = NO;
				DEBUG_INFORMATION_FORMAT = dwarf;
				ENABLE_STRICT_OBJC_MSGSEND = YES;
				ENABLE_TESTABILITY = YES;
				GCC_C_LANGUAGE_STANDARD = gnu11;
				GCC_DYNAMIC_NO_PIC = NO;
				GCC_NO_COMMON_BLOCKS = YES;
				GCC_OPTIMIZATION_LEVEL = 0;
				GCC_PREPROCESSOR_DEFINITIONS = (
					"DEBUG=1",
					"$(inherited)",
				);
				GCC_WARN_64_TO_32_BIT_CONVERSION = YES;
				GCC_WARN_ABOUT_RETURN_TYPE = YES_ERROR;
				GCC_WARN_UNDECLARED_SELECTOR = YES;
				GCC_WARN_UNINITIALIZED_AUTOS = YES_AGGRESSIVE;
				GCC_WARN_UNUSED_FUNCTION = YES;
				GCC_WARN_UNUSED_VARIABLE = YES;
				IPHONEOS_DEPLOYMENT_TARGET = 14.2;
				MTL_ENABLE_DEBUG_INFO = INCLUDE_SOURCE;
				MTL_FAST_MATH = YES;
				ONLY_ACTIVE_ARCH = YES;
				SDKROOT = iphoneos;
				SWIFT_ACTIVE_COMPILATION_CONDITIONS = DEBUG;
				SWIFT_OPTIMIZATION_LEVEL = "-Onone";
			};
			name = Debug;
		};
		149C3680255405C400E3BA10 /* Release */ = {
			isa = XCBuildConfiguration;
			buildSettings = {
				ALWAYS_SEARCH_USER_PATHS = NO;
				CLANG_ANALYZER_NONNULL = YES;
				CLANG_ANALYZER_NUMBER_OBJECT_CONVERSION = YES_AGGRESSIVE;
				CLANG_CXX_LANGUAGE_STANDARD = "gnu++14";
				CLANG_CXX_LIBRARY = "libc++";
				CLANG_ENABLE_MODULES = YES;
				CLANG_ENABLE_OBJC_ARC = YES;
				CLANG_ENABLE_OBJC_WEAK = YES;
				CLANG_WARN_BLOCK_CAPTURE_AUTORELEASING = YES;
				CLANG_WARN_BOOL_CONVERSION = YES;
				CLANG_WARN_COMMA = YES;
				CLANG_WARN_CONSTANT_CONVERSION = YES;
				CLANG_WARN_DEPRECATED_OBJC_IMPLEMENTATIONS = YES;
				CLANG_WARN_DIRECT_OBJC_ISA_USAGE = YES_ERROR;
				CLANG_WARN_DOCUMENTATION_COMMENTS = YES;
				CLANG_WARN_EMPTY_BODY = YES;
				CLANG_WARN_ENUM_CONVERSION = YES;
				CLANG_WARN_INFINITE_RECURSION = YES;
				CLANG_WARN_INT_CONVERSION = YES;
				CLANG_WARN_NON_LITERAL_NULL_CONVERSION = YES;
				CLANG_WARN_OBJC_IMPLICIT_RETAIN_SELF = YES;
				CLANG_WARN_OBJC_LITERAL_CONVERSION = YES;
				CLANG_WARN_OBJC_ROOT_CLASS = YES_ERROR;
				CLANG_WARN_QUOTED_INCLUDE_IN_FRAMEWORK_HEADER = YES;
				CLANG_WARN_RANGE_LOOP_ANALYSIS = YES;
				CLANG_WARN_STRICT_PROTOTYPES = YES;
				CLANG_WARN_SUSPICIOUS_MOVE = YES;
				CLANG_WARN_UNGUARDED_AVAILABILITY = YES_AGGRESSIVE;
				CLANG_WARN_UNREACHABLE_CODE = YES;
				CLANG_WARN__DUPLICATE_METHOD_MATCH = YES;
				COPY_PHASE_STRIP = NO;
				DEBUG_INFORMATION_FORMAT = "dwarf-with-dsym";
				ENABLE_NS_ASSERTIONS = NO;
				ENABLE_STRICT_OBJC_MSGSEND = YES;
				GCC_C_LANGUAGE_STANDARD = gnu11;
				GCC_NO_COMMON_BLOCKS = YES;
				GCC_WARN_64_TO_32_BIT_CONVERSION = YES;
				GCC_WARN_ABOUT_RETURN_TYPE = YES_ERROR;
				GCC_WARN_UNDECLARED_SELECTOR = YES;
				GCC_WARN_UNINITIALIZED_AUTOS = YES_AGGRESSIVE;
				GCC_WARN_UNUSED_FUNCTION = YES;
				GCC_WARN_UNUSED_VARIABLE = YES;
				IPHONEOS_DEPLOYMENT_TARGET = 14.2;
				MTL_ENABLE_DEBUG_INFO = NO;
				MTL_FAST_MATH = YES;
				SDKROOT = iphoneos;
				SWIFT_COMPILATION_MODE = wholemodule;
				SWIFT_OPTIMIZATION_LEVEL = "-O";
				VALIDATE_PRODUCT = YES;
			};
			name = Release;
		};
		149C3682255405C400E3BA10 /* Debug */ = {
			isa = XCBuildConfiguration;
			buildSettings = {
				ASSETCATALOG_COMPILER_APPICON_NAME = AppIcon;
				ASSETCATALOG_COMPILER_GLOBAL_ACCENT_COLOR_NAME = AccentColor;
				CODE_SIGN_ENTITLEMENTS = SmartQuote/SmartQuote.entitlements;
				CODE_SIGN_STYLE = Manual;
				DEVELOPMENT_TEAM = "";
				INFOPLIST_FILE = SmartQuote/Info.plist;
				LD_RUNPATH_SEARCH_PATHS = (
					"$(inherited)",
					"@executable_path/Frameworks",
				);
				PRODUCT_BUNDLE_IDENTIFIER = jeframes.SmartQuote;
				PRODUCT_NAME = "$(TARGET_NAME)";
				PROVISIONING_PROFILE_SPECIFIER = "";
				SWIFT_VERSION = 5.0;
				TARGETED_DEVICE_FAMILY = "1,2";
			};
			name = Debug;
		};
		149C3683255405C400E3BA10 /* Release */ = {
			isa = XCBuildConfiguration;
			buildSettings = {
				ASSETCATALOG_COMPILER_APPICON_NAME = AppIcon;
				ASSETCATALOG_COMPILER_GLOBAL_ACCENT_COLOR_NAME = AccentColor;
				CODE_SIGN_ENTITLEMENTS = SmartQuote/SmartQuote.entitlements;
				CODE_SIGN_STYLE = Manual;
				DEVELOPMENT_TEAM = "";
				INFOPLIST_FILE = SmartQuote/Info.plist;
				LD_RUNPATH_SEARCH_PATHS = (
					"$(inherited)",
					"@executable_path/Frameworks",
				);
				PRODUCT_BUNDLE_IDENTIFIER = jeframes.SmartQuote;
				PRODUCT_NAME = "$(TARGET_NAME)";
				PROVISIONING_PROFILE_SPECIFIER = "";
				SWIFT_VERSION = 5.0;
				TARGETED_DEVICE_FAMILY = "1,2";
			};
			name = Release;
		};
/* End XCBuildConfiguration section */

/* Begin XCConfigurationList section */
		149C3668255405C300E3BA10 /* Build configuration list for PBXProject "SmartQuote" */ = {
			isa = XCConfigurationList;
			buildConfigurations = (
				149C367F255405C400E3BA10 /* Debug */,
				149C3680255405C400E3BA10 /* Release */,
			);
			defaultConfigurationIsVisible = 0;
			defaultConfigurationName = Release;
		};
		149C3681255405C400E3BA10 /* Build configuration list for PBXNativeTarget "SmartQuote" */ = {
			isa = XCConfigurationList;
			buildConfigurations = (
				149C3682255405C400E3BA10 /* Debug */,
				149C3683255405C400E3BA10 /* Release */,
			);
			defaultConfigurationIsVisible = 0;
			defaultConfigurationName = Release;
		};
/* End XCConfigurationList section */
	};
	rootObject = 149C3665255405C300E3BA10 /* Project object */;
}
